
Microsoft Visual Studio Solution File, Format Version 12.00
# Visual Studio Version 16
VisualStudioVersion = 16.0.31205.134
MinimumVisualStudioVersion = 10.0.40219.1
Project("{FAE04EC0-301F-11D3-BF4B-00C04F79EFBC}") = "EDDCanonn", "EDDCanonn.csproj", "{8B711480-D2F6-43F4-9F43-C3104E56310D}"
EndProject
Global
	GlobalSection(SolutionConfigurationPlatforms) = preSolution
		Debug|Any CPU = Debug|Any CPU
		Release|Any CPU = Release|Any CPU
	EndGlobalSection
	GlobalSection(ProjectConfigurationPlatforms) = postSolution
		{8B711480-D2F6-43F4-9F43-C3104E56310D}.Debug|Any CPU.ActiveCfg = Debug|Any CPU
		{8B711480-D2F6-43F4-9F43-C3104E56310D}.Debug|Any CPU.Build.0 = Debug|Any CPU
		{8B711480-D2F6-43F4-9F43-C3104E56310D}.Release|Any CPU.ActiveCfg = Release|Any CPU
		{8B711480-D2F6-43F4-9F43-C3104E56310D}.Release|Any CPU.Build.0 = Release|Any CPU
	EndGlobalSection
	GlobalSection(SolutionProperties) = preSolution
		HideSolutionNode = FALSE
	EndGlobalSection
	GlobalSection(ExtensibilityGlobals) = postSolution
		SolutionGuid = {37E4A067-C773-4645-A29A-E2DFA1A0B17A}
	EndGlobalSection
EndGlobal
